
Microsoft Visual Studio Solution File, Format Version 12.00
# Visual Studio Version 16
VisualStudioVersion = 16.0.31702.278
MinimumVisualStudioVersion = 10.0.40219.1
Project("{FAE04EC0-301F-11D3-BF4B-00C04F79EFBC}") = "TestProject1", "TestProject1\TestProject1.csproj", "{95B0800C-2AE5-4B67-B5D5-A37EA3514F01}"
EndProject
Global
	GlobalSection(SolutionConfigurationPlatforms) = preSolution
		Debug|Any CPU = Debug|Any CPU
		Release|Any CPU = Release|Any CPU
	EndGlobalSection
	GlobalSection(ProjectConfigurationPlatforms) = postSolution
		{95B0800C-2AE5-4B67-B5D5-A37EA3514F01}.Debug|Any CPU.ActiveCfg = Debug|Any CPU
		{95B0800C-2AE5-4B67-B5D5-A37EA3514F01}.Debug|Any CPU.Build.0 = Debug|Any CPU
		{95B0800C-2AE5-4B67-B5D5-A37EA3514F01}.Release|Any CPU.ActiveCfg = Release|Any CPU
		{95B0800C-2AE5-4B67-B5D5-A37EA3514F01}.Release|Any CPU.Build.0 = Release|Any CPU
	EndGlobalSection
	GlobalSection(SolutionProperties) = preSolution
		HideSolutionNode = FALSE
	EndGlobalSection
	GlobalSection(ExtensibilityGlobals) = postSolution
		SolutionGuid = {17EE1FA5-2CDE-48C0-9731-2E6C1BCD9169}
	EndGlobalSection
EndGlobal
